
Microsoft Visual Studio Solution File, Format Version 12.00
# Visual Studio Version 17
VisualStudioVersion = 17.9.34728.123
MinimumVisualStudioVersion = 10.0.40219.1
Project("{FAE04EC0-301F-11D3-BF4B-00C04F79EFBC}") = "atividade01", "atividade01\atividade01.csproj", "{9F66F87A-B66B-4D44-A072-283FA8E5F1D0}"
EndProject
Global
	GlobalSection(SolutionConfigurationPlatforms) = preSolution
		Debug|Any CPU = Debug|Any CPU
		Release|Any CPU = Release|Any CPU
	EndGlobalSection
	GlobalSection(ProjectConfigurationPlatforms) = postSolution
		{9F66F87A-B66B-4D44-A072-283FA8E5F1D0}.Debug|Any CPU.ActiveCfg = Debug|Any CPU
		{9F66F87A-B66B-4D44-A072-283FA8E5F1D0}.Debug|Any CPU.Build.0 = Debug|Any CPU
		{9F66F87A-B66B-4D44-A072-283FA8E5F1D0}.Release|Any CPU.ActiveCfg = Release|Any CPU
		{9F66F87A-B66B-4D44-A072-283FA8E5F1D0}.Release|Any CPU.Build.0 = Release|Any CPU
	EndGlobalSection
	GlobalSection(SolutionProperties) = preSolution
		HideSolutionNode = FALSE
	EndGlobalSection
	GlobalSection(ExtensibilityGlobals) = postSolution
		SolutionGuid = {4A89CAF5-7CDE-4F02-BF3F-D2B3FE60821A}
	EndGlobalSection
EndGlobal
